// !$*UTF8*$!
{
	archiveVersion = 1;
	classes = {
	};
	objectVersion = 56;
	objects = {

/* Begin PBXBuildFile section */
		DB3349BB2AC3B44100F99430 /* Kingfisher in Frameworks */ = {isa = PBXBuildFile; productRef = DB3349BA2AC3B44100F99430 /* Kingfisher */; };
		DB3349BD2AC3B48B00F99430 /* ImageView.swift in Sources */ = {isa = PBXBuildFile; fileRef = DB3349BC2AC3B48B00F99430 /* ImageView.swift */; };
		DB3349BF2AC3BA3500F99430 /* VideosView.swift in Sources */ = {isa = PBXBuildFile; fileRef = DB3349BE2AC3BA3500F99430 /* VideosView.swift */; };
		DB3349C12AC3BAB500F99430 /* VideoView.swift in Sources */ = {isa = PBXBuildFile; fileRef = DB3349C02AC3BAB500F99430 /* VideoView.swift */; };
		DB3349C32AC3C09800F99430 /* VideoItemView.swift in Sources */ = {isa = PBXBuildFile; fileRef = DB3349C22AC3C09800F99430 /* VideoItemView.swift */; };
		FB106E232AC23DB600B2781E /* PostsView.swift in Sources */ = {isa = PBXBuildFile; fileRef = FB106E222AC23DB600B2781E /* PostsView.swift */; };
		FB106E252AC2411600B2781E /* PostItemView.swift in Sources */ = {isa = PBXBuildFile; fileRef = FB106E242AC2411600B2781E /* PostItemView.swift */; };
		FB106E282AC24F0200B2781E /* Organization.swift in Sources */ = {isa = PBXBuildFile; fileRef = FB106E272AC24F0200B2781E /* Organization.swift */; };
		FB106E2A2AC2548100B2781E /* Posts.swift in Sources */ = {isa = PBXBuildFile; fileRef = FB106E292AC2548100B2781E /* Posts.swift */; };
		FB106E2C2AC2561D00B2781E /* Users.swift in Sources */ = {isa = PBXBuildFile; fileRef = FB106E2B2AC2561D00B2781E /* Users.swift */; };
		FB106E2E2AC258A000B2781E /* OrganizationModel.swift in Sources */ = {isa = PBXBuildFile; fileRef = FB106E2D2AC258A000B2781E /* OrganizationModel.swift */; };
		FB106E312AC25B9A00B2781E /* Alamofire in Frameworks */ = {isa = PBXBuildFile; productRef = FB106E302AC25B9A00B2781E /* Alamofire */; };
		FB106E342AC25C0500B2781E /* SwiftyJSON in Frameworks */ = {isa = PBXBuildFile; productRef = FB106E332AC25C0500B2781E /* SwiftyJSON */; };
		FB1626572ABA56E30060C52A /* StartView.swift in Sources */ = {isa = PBXBuildFile; fileRef = FB1626562ABA56E30060C52A /* StartView.swift */; };
		FB1626592ABA5BD40060C52A /* LogInView.swift in Sources */ = {isa = PBXBuildFile; fileRef = FB1626582ABA5BD40060C52A /* LogInView.swift */; };
		FB17FC4D2AD632ED0020BC81 /* SearchPage.swift in Sources */ = {isa = PBXBuildFile; fileRef = FB17FC4C2AD632ED0020BC81 /* SearchPage.swift */; };
		FB17FC4F2AD632F50020BC81 /* UserModel.swift in Sources */ = {isa = PBXBuildFile; fileRef = FB17FC4E2AD632F50020BC81 /* UserModel.swift */; };
		FB17FC512AD632FB0020BC81 /* FavsPage.swift in Sources */ = {isa = PBXBuildFile; fileRef = FB17FC502AD632FB0020BC81 /* FavsPage.swift */; };
		FB17FC532AD633040020BC81 /* DemoTag.swift in Sources */ = {isa = PBXBuildFile; fileRef = FB17FC522AD633040020BC81 /* DemoTag.swift */; };
		FB17FC5D2AD63D830020BC81 /* DirectionButtonView.swift in Sources */ = {isa = PBXBuildFile; fileRef = FB17FC5C2AD63D830020BC81 /* DirectionButtonView.swift */; };
		FB17FC5F2AD63D910020BC81 /* ShareButtonView.swift in Sources */ = {isa = PBXBuildFile; fileRef = FB17FC5E2AD63D910020BC81 /* ShareButtonView.swift */; };
		FB17FC612AD63D9A0020BC81 /* OrgInfoView.swift in Sources */ = {isa = PBXBuildFile; fileRef = FB17FC602AD63D9A0020BC81 /* OrgInfoView.swift */; };
		FB17FC632AD63DA70020BC81 /* CallButtonView.swift in Sources */ = {isa = PBXBuildFile; fileRef = FB17FC622AD63DA70020BC81 /* CallButtonView.swift */; };
		FB274C3F2AD757AA005F6289 /* OrgProfileView.swift in Sources */ = {isa = PBXBuildFile; fileRef = FB274C3E2AD757AA005F6289 /* OrgProfileView.swift */; };
		FB50086F2ABD0B3800028EEB /* TagSelectView.swift in Sources */ = {isa = PBXBuildFile; fileRef = FB50086E2ABD0B3800028EEB /* TagSelectView.swift */; };
		FB5008712ABD0D1C00028EEB /* TagComponent.swift in Sources */ = {isa = PBXBuildFile; fileRef = FB5008702ABD0D1C00028EEB /* TagComponent.swift */; };
		FB5008732ABD127B00028EEB /* ButtonComponent.swift in Sources */ = {isa = PBXBuildFile; fileRef = FB5008722ABD127B00028EEB /* ButtonComponent.swift */; };
		FB8F33052AC653E5007B41D7 /* PostsModel.swift in Sources */ = {isa = PBXBuildFile; fileRef = FB8F33042AC653E5007B41D7 /* PostsModel.swift */; };
		FB8F33072AC657FA007B41D7 /* Tags.swift in Sources */ = {isa = PBXBuildFile; fileRef = FB8F33062AC657FA007B41D7 /* Tags.swift */; };
		FB8F630F2AD8E42900A39765 /* postOrgSection.swift in Sources */ = {isa = PBXBuildFile; fileRef = FB8F630E2AD8E42900A39765 /* postOrgSection.swift */; };
		FB99EF872AB8F9A7009441FD /* yConnectApp.swift in Sources */ = {isa = PBXBuildFile; fileRef = FB99EF862AB8F9A7009441FD /* yConnectApp.swift */; };
		FB99EF892AB8F9A7009441FD /* ContentView.swift in Sources */ = {isa = PBXBuildFile; fileRef = FB99EF882AB8F9A7009441FD /* ContentView.swift */; };
		FB99EF8D2AB8F9A9009441FD /* Assets.xcassets in Resources */ = {isa = PBXBuildFile; fileRef = FB99EF8C2AB8F9A9009441FD /* Assets.xcassets */; };
		FB99EF902AB8F9A9009441FD /* Preview Assets.xcassets in Resources */ = {isa = PBXBuildFile; fileRef = FB99EF8F2AB8F9A9009441FD /* Preview Assets.xcassets */; };
		FB99EF972AB90779009441FD /* ExploreView.swift in Sources */ = {isa = PBXBuildFile; fileRef = FB99EF962AB90779009441FD /* ExploreView.swift */; };
		FB99EF992AB9091A009441FD /* imagen1.jpeg in Resources */ = {isa = PBXBuildFile; fileRef = FB99EF982AB9091A009441FD /* imagen1.jpeg */; };
		FB99EF9C2AB90B79009441FD /* imagen2.jpeg in Resources */ = {isa = PBXBuildFile; fileRef = FB99EF9B2AB90B79009441FD /* imagen2.jpeg */; };
		FB99EF9E2AB90FE4009441FD /* SectionView.swift in Sources */ = {isa = PBXBuildFile; fileRef = FB99EF9D2AB90FE4009441FD /* SectionView.swift */; };
		FB99EFA02AB91259009441FD /* imagen4.jpeg in Resources */ = {isa = PBXBuildFile; fileRef = FB99EF9F2AB91259009441FD /* imagen4.jpeg */; };
		FB99EFA22AB9194F009441FD /* SearchView.swift in Sources */ = {isa = PBXBuildFile; fileRef = FB99EFA12AB9194F009441FD /* SearchView.swift */; };
		FB99EFA42AB9209F009441FD /* yConnect.svg in Resources */ = {isa = PBXBuildFile; fileRef = FB99EFA32AB9209F009441FD /* yConnect.svg */; };
		FB99EFA82AB922C4009441FD /* LogoView.swift in Sources */ = {isa = PBXBuildFile; fileRef = FB99EFA72AB922C4009441FD /* LogoView.swift */; };
		FB99EFAA2AB92611009441FD /* imagen6.png in Resources */ = {isa = PBXBuildFile; fileRef = FB99EFA92AB92611009441FD /* imagen6.png */; };
		FBA740A92ACB8FB200123543 /* Tag.swift in Sources */ = {isa = PBXBuildFile; fileRef = FBA740A82ACB8FB200123543 /* Tag.swift */; };
		FBA740AB2ACB918B00123543 /* TagModel.swift in Sources */ = {isa = PBXBuildFile; fileRef = FBA740AA2ACB918B00123543 /* TagModel.swift */; };
		FBA740AD2ACB93ED00123543 /* TaskSearchBarComponent.swift in Sources */ = {isa = PBXBuildFile; fileRef = FBA740AC2ACB93ED00123543 /* TaskSearchBarComponent.swift */; };
		FBB0ED5C2AC63E58001CC506 /* MyButton.swift in Sources */ = {isa = PBXBuildFile; fileRef = FBB0ED5B2AC63E58001CC506 /* MyButton.swift */; };
		FBB0ED5E2AC63EB8001CC506 /* RegistroOrgView.swift in Sources */ = {isa = PBXBuildFile; fileRef = FBB0ED5D2AC63EB8001CC506 /* RegistroOrgView.swift */; };
		FBB0ED602AC640BB001CC506 /* ImagePickerView.swift in Sources */ = {isa = PBXBuildFile; fileRef = FBB0ED5F2AC640BB001CC506 /* ImagePickerView.swift */; };
		FBD331DD2ABA6CAA007D4046 /* ConfirmCodeView.swift in Sources */ = {isa = PBXBuildFile; fileRef = FBD331DC2ABA6CAA007D4046 /* ConfirmCodeView.swift */; };
		FBE1BF002AD4C79B00A5FA07 /* OrganizationPostsView.swift in Sources */ = {isa = PBXBuildFile; fileRef = FBE1BEFF2AD4C79B00A5FA07 /* OrganizationPostsView.swift */; };
/* End PBXBuildFile section */

/* Begin PBXFileReference section */
		DB3349BC2AC3B48B00F99430 /* ImageView.swift */ = {isa = PBXFileReference; lastKnownFileType = sourcecode.swift; path = ImageView.swift; sourceTree = "<group>"; };
		DB3349BE2AC3BA3500F99430 /* VideosView.swift */ = {isa = PBXFileReference; lastKnownFileType = sourcecode.swift; path = VideosView.swift; sourceTree = "<group>"; };
		DB3349C02AC3BAB500F99430 /* VideoView.swift */ = {isa = PBXFileReference; lastKnownFileType = sourcecode.swift; path = VideoView.swift; sourceTree = "<group>"; };
		DB3349C22AC3C09800F99430 /* VideoItemView.swift */ = {isa = PBXFileReference; lastKnownFileType = sourcecode.swift; path = VideoItemView.swift; sourceTree = "<group>"; };
		FB106E222AC23DB600B2781E /* PostsView.swift */ = {isa = PBXFileReference; lastKnownFileType = sourcecode.swift; path = PostsView.swift; sourceTree = "<group>"; };
		FB106E242AC2411600B2781E /* PostItemView.swift */ = {isa = PBXFileReference; lastKnownFileType = sourcecode.swift; path = PostItemView.swift; sourceTree = "<group>"; };
		FB106E272AC24F0200B2781E /* Organization.swift */ = {isa = PBXFileReference; lastKnownFileType = sourcecode.swift; path = Organization.swift; sourceTree = "<group>"; };
		FB106E292AC2548100B2781E /* Posts.swift */ = {isa = PBXFileReference; lastKnownFileType = sourcecode.swift; path = Posts.swift; sourceTree = "<group>"; };
		FB106E2B2AC2561D00B2781E /* Users.swift */ = {isa = PBXFileReference; lastKnownFileType = sourcecode.swift; path = Users.swift; sourceTree = "<group>"; };
		FB106E2D2AC258A000B2781E /* OrganizationModel.swift */ = {isa = PBXFileReference; lastKnownFileType = sourcecode.swift; path = OrganizationModel.swift; sourceTree = "<group>"; };
		FB1626562ABA56E30060C52A /* StartView.swift */ = {isa = PBXFileReference; lastKnownFileType = sourcecode.swift; path = StartView.swift; sourceTree = "<group>"; };
		FB1626582ABA5BD40060C52A /* LogInView.swift */ = {isa = PBXFileReference; lastKnownFileType = sourcecode.swift; path = LogInView.swift; sourceTree = "<group>"; };
		FB17FC4C2AD632ED0020BC81 /* SearchPage.swift */ = {isa = PBXFileReference; fileEncoding = 4; lastKnownFileType = sourcecode.swift; path = SearchPage.swift; sourceTree = "<group>"; };
		FB17FC4E2AD632F50020BC81 /* UserModel.swift */ = {isa = PBXFileReference; fileEncoding = 4; lastKnownFileType = sourcecode.swift; path = UserModel.swift; sourceTree = "<group>"; };
		FB17FC502AD632FB0020BC81 /* FavsPage.swift */ = {isa = PBXFileReference; fileEncoding = 4; lastKnownFileType = sourcecode.swift; path = FavsPage.swift; sourceTree = "<group>"; };
		FB17FC522AD633040020BC81 /* DemoTag.swift */ = {isa = PBXFileReference; fileEncoding = 4; lastKnownFileType = sourcecode.swift; path = DemoTag.swift; sourceTree = "<group>"; };
		FB17FC5C2AD63D830020BC81 /* DirectionButtonView.swift */ = {isa = PBXFileReference; fileEncoding = 4; lastKnownFileType = sourcecode.swift; path = DirectionButtonView.swift; sourceTree = "<group>"; };
		FB17FC5E2AD63D910020BC81 /* ShareButtonView.swift */ = {isa = PBXFileReference; fileEncoding = 4; lastKnownFileType = sourcecode.swift; path = ShareButtonView.swift; sourceTree = "<group>"; };
		FB17FC602AD63D9A0020BC81 /* OrgInfoView.swift */ = {isa = PBXFileReference; fileEncoding = 4; lastKnownFileType = sourcecode.swift; path = OrgInfoView.swift; sourceTree = "<group>"; };
		FB17FC622AD63DA70020BC81 /* CallButtonView.swift */ = {isa = PBXFileReference; fileEncoding = 4; lastKnownFileType = sourcecode.swift; path = CallButtonView.swift; sourceTree = "<group>"; };
		FB274C3E2AD757AA005F6289 /* OrgProfileView.swift */ = {isa = PBXFileReference; lastKnownFileType = sourcecode.swift; path = OrgProfileView.swift; sourceTree = "<group>"; };
		FB50086E2ABD0B3800028EEB /* TagSelectView.swift */ = {isa = PBXFileReference; lastKnownFileType = sourcecode.swift; path = TagSelectView.swift; sourceTree = "<group>"; };
		FB5008702ABD0D1C00028EEB /* TagComponent.swift */ = {isa = PBXFileReference; lastKnownFileType = sourcecode.swift; path = TagComponent.swift; sourceTree = "<group>"; };
		FB5008722ABD127B00028EEB /* ButtonComponent.swift */ = {isa = PBXFileReference; lastKnownFileType = sourcecode.swift; path = ButtonComponent.swift; sourceTree = "<group>"; };
		FB6CB5252AC786CF006C08ED /* Info.plist */ = {isa = PBXFileReference; lastKnownFileType = text.plist; path = Info.plist; sourceTree = "<group>"; };
		FB8F33042AC653E5007B41D7 /* PostsModel.swift */ = {isa = PBXFileReference; lastKnownFileType = sourcecode.swift; path = PostsModel.swift; sourceTree = "<group>"; };
		FB8F33062AC657FA007B41D7 /* Tags.swift */ = {isa = PBXFileReference; lastKnownFileType = sourcecode.swift; path = Tags.swift; sourceTree = "<group>"; };
		FB8F630E2AD8E42900A39765 /* postOrgSection.swift */ = {isa = PBXFileReference; lastKnownFileType = sourcecode.swift; path = postOrgSection.swift; sourceTree = "<group>"; };
		FB99EF832AB8F9A7009441FD /* yConnect.app */ = {isa = PBXFileReference; explicitFileType = wrapper.application; includeInIndex = 0; path = yConnect.app; sourceTree = BUILT_PRODUCTS_DIR; };
		FB99EF862AB8F9A7009441FD /* yConnectApp.swift */ = {isa = PBXFileReference; lastKnownFileType = sourcecode.swift; path = yConnectApp.swift; sourceTree = "<group>"; };
		FB99EF882AB8F9A7009441FD /* ContentView.swift */ = {isa = PBXFileReference; lastKnownFileType = sourcecode.swift; path = ContentView.swift; sourceTree = "<group>"; };
		FB99EF8C2AB8F9A9009441FD /* Assets.xcassets */ = {isa = PBXFileReference; lastKnownFileType = folder.assetcatalog; path = Assets.xcassets; sourceTree = "<group>"; };
		FB99EF8F2AB8F9A9009441FD /* Preview Assets.xcassets */ = {isa = PBXFileReference; lastKnownFileType = folder.assetcatalog; path = "Preview Assets.xcassets"; sourceTree = "<group>"; };
		FB99EF962AB90779009441FD /* ExploreView.swift */ = {isa = PBXFileReference; lastKnownFileType = sourcecode.swift; path = ExploreView.swift; sourceTree = "<group>"; };
		FB99EF982AB9091A009441FD /* imagen1.jpeg */ = {isa = PBXFileReference; lastKnownFileType = image.jpeg; path = imagen1.jpeg; sourceTree = "<group>"; };
		FB99EF9A2AB90ACF009441FD /* imagen3.webp */ = {isa = PBXFileReference; lastKnownFileType = file; path = imagen3.webp; sourceTree = "<group>"; };
		FB99EF9B2AB90B79009441FD /* imagen2.jpeg */ = {isa = PBXFileReference; lastKnownFileType = image.jpeg; path = imagen2.jpeg; sourceTree = "<group>"; };
		FB99EF9D2AB90FE4009441FD /* SectionView.swift */ = {isa = PBXFileReference; lastKnownFileType = sourcecode.swift; path = SectionView.swift; sourceTree = "<group>"; };
		FB99EF9F2AB91259009441FD /* imagen4.jpeg */ = {isa = PBXFileReference; lastKnownFileType = image.jpeg; path = imagen4.jpeg; sourceTree = "<group>"; };
		FB99EFA12AB9194F009441FD /* SearchView.swift */ = {isa = PBXFileReference; fileEncoding = 4; lastKnownFileType = sourcecode.swift; path = SearchView.swift; sourceTree = "<group>"; };
		FB99EFA32AB9209F009441FD /* yConnect.svg */ = {isa = PBXFileReference; fileEncoding = 4; lastKnownFileType = text; path = yConnect.svg; sourceTree = "<group>"; };
		FB99EFA72AB922C4009441FD /* LogoView.swift */ = {isa = PBXFileReference; lastKnownFileType = sourcecode.swift; path = LogoView.swift; sourceTree = "<group>"; };
		FB99EFA92AB92611009441FD /* imagen6.png */ = {isa = PBXFileReference; lastKnownFileType = image.png; path = imagen6.png; sourceTree = "<group>"; };
		FBA740A82ACB8FB200123543 /* Tag.swift */ = {isa = PBXFileReference; lastKnownFileType = sourcecode.swift; path = Tag.swift; sourceTree = "<group>"; };
		FBA740AA2ACB918B00123543 /* TagModel.swift */ = {isa = PBXFileReference; lastKnownFileType = sourcecode.swift; path = TagModel.swift; sourceTree = "<group>"; };
		FBA740AC2ACB93ED00123543 /* TaskSearchBarComponent.swift */ = {isa = PBXFileReference; lastKnownFileType = sourcecode.swift; path = TaskSearchBarComponent.swift; sourceTree = "<group>"; };
		FBB0ED5B2AC63E58001CC506 /* MyButton.swift */ = {isa = PBXFileReference; lastKnownFileType = sourcecode.swift; path = MyButton.swift; sourceTree = "<group>"; };
		FBB0ED5D2AC63EB8001CC506 /* RegistroOrgView.swift */ = {isa = PBXFileReference; lastKnownFileType = sourcecode.swift; path = RegistroOrgView.swift; sourceTree = "<group>"; };
		FBB0ED5F2AC640BB001CC506 /* ImagePickerView.swift */ = {isa = PBXFileReference; lastKnownFileType = sourcecode.swift; path = ImagePickerView.swift; sourceTree = "<group>"; };
		FBD331DC2ABA6CAA007D4046 /* ConfirmCodeView.swift */ = {isa = PBXFileReference; lastKnownFileType = sourcecode.swift; path = ConfirmCodeView.swift; sourceTree = "<group>"; };
		FBE1BEFF2AD4C79B00A5FA07 /* OrganizationPostsView.swift */ = {isa = PBXFileReference; lastKnownFileType = sourcecode.swift; path = OrganizationPostsView.swift; sourceTree = "<group>"; };
/* End PBXFileReference section */

/* Begin PBXFrameworksBuildPhase section */
		FB99EF802AB8F9A7009441FD /* Frameworks */ = {
			isa = PBXFrameworksBuildPhase;
			buildActionMask = 2147483647;
			files = (
				DB3349BB2AC3B44100F99430 /* Kingfisher in Frameworks */,
				FB106E342AC25C0500B2781E /* SwiftyJSON in Frameworks */,
				FB106E312AC25B9A00B2781E /* Alamofire in Frameworks */,
			);
			runOnlyForDeploymentPostprocessing = 0;
		};
/* End PBXFrameworksBuildPhase section */

/* Begin PBXGroup section */
		FB106E262AC24EE000B2781E /* Model */ = {
			isa = PBXGroup;
			children = (
				FB106E272AC24F0200B2781E /* Organization.swift */,
				FB106E292AC2548100B2781E /* Posts.swift */,
				FB17FC4E2AD632F50020BC81 /* UserModel.swift */,
				FB106E2B2AC2561D00B2781E /* Users.swift */,
				FB106E2D2AC258A000B2781E /* OrganizationModel.swift */,
				FB8F33042AC653E5007B41D7 /* PostsModel.swift */,
				FB8F630E2AD8E42900A39765 /* postOrgSection.swift */,
				FB8F33062AC657FA007B41D7 /* Tags.swift */,
				FBA740A82ACB8FB200123543 /* Tag.swift */,
				FBA740AA2ACB918B00123543 /* TagModel.swift */,
			);
			path = Model;
			sourceTree = "<group>";
		};
		FB274C3C2AD73A42005F6289 /* Components */ = {
			isa = PBXGroup;
			children = (
				FB99EFA12AB9194F009441FD /* SearchView.swift */,
				FB99EF9D2AB90FE4009441FD /* SectionView.swift */,
				DB3349BC2AC3B48B00F99430 /* ImageView.swift */,
				FB5008722ABD127B00028EEB /* ButtonComponent.swift */,
				FB17FC622AD63DA70020BC81 /* CallButtonView.swift */,
				FBB0ED5F2AC640BB001CC506 /* ImagePickerView.swift */,
				FB5008702ABD0D1C00028EEB /* TagComponent.swift */,
				FB17FC5E2AD63D910020BC81 /* ShareButtonView.swift */,
				FBB0ED5B2AC63E58001CC506 /* MyButton.swift */,
				FB17FC5C2AD63D830020BC81 /* DirectionButtonView.swift */,
				FB106E242AC2411600B2781E /* PostItemView.swift */,
				FBA740AC2ACB93ED00123543 /* TaskSearchBarComponent.swift */,
				FB17FC522AD633040020BC81 /* DemoTag.swift */,
				FB17FC602AD63D9A0020BC81 /* OrgInfoView.swift */,
				DB3349C22AC3C09800F99430 /* VideoItemView.swift */,
				DB3349C02AC3BAB500F99430 /* VideoView.swift */,
				FB99EFA72AB922C4009441FD /* LogoView.swift */,
			);
			path = Components;
			sourceTree = "<group>";
		};
		FB274C3D2AD73AB9005F6289 /* Views */ = {
			isa = PBXGroup;
			children = (
				FB99EF882AB8F9A7009441FD /* ContentView.swift */,
				FB1626562ABA56E30060C52A /* StartView.swift */,
				FB1626582ABA5BD40060C52A /* LogInView.swift */,
				FBD331DC2ABA6CAA007D4046 /* ConfirmCodeView.swift */,
				FB50086E2ABD0B3800028EEB /* TagSelectView.swift */,
				FB99EF962AB90779009441FD /* ExploreView.swift */,
				FBB0ED5D2AC63EB8001CC506 /* RegistroOrgView.swift */,
				FB106E222AC23DB600B2781E /* PostsView.swift */,
				FB17FC502AD632FB0020BC81 /* FavsPage.swift */,
				FB274C3E2AD757AA005F6289 /* OrgProfileView.swift */,
				FB17FC4C2AD632ED0020BC81 /* SearchPage.swift */,
				FBE1BEFF2AD4C79B00A5FA07 /* OrganizationPostsView.swift */,
				DB3349BE2AC3BA3500F99430 /* VideosView.swift */,
			);
			path = Views;
			sourceTree = "<group>";
		};
		FB99EF7A2AB8F9A7009441FD = {
			isa = PBXGroup;
			children = (
				FB99EF852AB8F9A7009441FD /* yConnect */,
				FB99EF842AB8F9A7009441FD /* Products */,
			);
			sourceTree = "<group>";
		};
		FB99EF842AB8F9A7009441FD /* Products */ = {
			isa = PBXGroup;
			children = (
				FB99EF832AB8F9A7009441FD /* yConnect.app */,
			);
			name = Products;
			sourceTree = "<group>";
		};
		FB99EF852AB8F9A7009441FD /* yConnect */ = {
			isa = PBXGroup;
			children = (
				FB6CB5252AC786CF006C08ED /* Info.plist */,
				FB274C3C2AD73A42005F6289 /* Components */,
				FB106E262AC24EE000B2781E /* Model */,
				FB274C3D2AD73AB9005F6289 /* Views */,
				FB99EF862AB8F9A7009441FD /* yConnectApp.swift */,
				FB99EF8C2AB8F9A9009441FD /* Assets.xcassets */,
				FB99EF9B2AB90B79009441FD /* imagen2.jpeg */,
				FB99EFA32AB9209F009441FD /* yConnect.svg */,
				FB99EF9F2AB91259009441FD /* imagen4.jpeg */,
				FB99EF9A2AB90ACF009441FD /* imagen3.webp */,
				FB99EFA92AB92611009441FD /* imagen6.png */,
				FB99EF982AB9091A009441FD /* imagen1.jpeg */,
				FB99EF8E2AB8F9A9009441FD /* Preview Content */,
			);
			path = yConnect;
			sourceTree = "<group>";
		};
		FB99EF8E2AB8F9A9009441FD /* Preview Content */ = {
			isa = PBXGroup;
			children = (
				FB99EF8F2AB8F9A9009441FD /* Preview Assets.xcassets */,
			);
			path = "Preview Content";
			sourceTree = "<group>";
		};
/* End PBXGroup section */

/* Begin PBXNativeTarget section */
		FB99EF822AB8F9A7009441FD /* yConnect */ = {
			isa = PBXNativeTarget;
			buildConfigurationList = FB99EF932AB8F9A9009441FD /* Build configuration list for PBXNativeTarget "yConnect" */;
			buildPhases = (
				FB99EF7F2AB8F9A7009441FD /* Sources */,
				FB99EF802AB8F9A7009441FD /* Frameworks */,
				FB99EF812AB8F9A7009441FD /* Resources */,
			);
			buildRules = (
			);
			dependencies = (
			);
			name = yConnect;
			packageProductDependencies = (
				FB106E302AC25B9A00B2781E /* Alamofire */,
				FB106E332AC25C0500B2781E /* SwiftyJSON */,
				DB3349BA2AC3B44100F99430 /* Kingfisher */,
			);
			productName = yConnect;
			productReference = FB99EF832AB8F9A7009441FD /* yConnect.app */;
			productType = "com.apple.product-type.application";
		};
/* End PBXNativeTarget section */

/* Begin PBXProject section */
		FB99EF7B2AB8F9A7009441FD /* Project object */ = {
			isa = PBXProject;
			attributes = {
				BuildIndependentTargetsInParallel = 1;
				LastSwiftUpdateCheck = 1500;
				LastUpgradeCheck = 1500;
				TargetAttributes = {
					FB99EF822AB8F9A7009441FD = {
						CreatedOnToolsVersion = 15.0;
					};
				};
			};
			buildConfigurationList = FB99EF7E2AB8F9A7009441FD /* Build configuration list for PBXProject "yConnect" */;
			compatibilityVersion = "Xcode 14.0";
			developmentRegion = en;
			hasScannedForEncodings = 0;
			knownRegions = (
				en,
				Base,
			);
			mainGroup = FB99EF7A2AB8F9A7009441FD;
			packageReferences = (
				FB106E2F2AC25B9A00B2781E /* XCRemoteSwiftPackageReference "Alamofire" */,
				FB106E322AC25C0500B2781E /* XCRemoteSwiftPackageReference "SwiftyJSON" */,
				DB3349B92AC3B44100F99430 /* XCRemoteSwiftPackageReference "Kingfisher" */,
			);
			productRefGroup = FB99EF842AB8F9A7009441FD /* Products */;
			projectDirPath = "";
			projectRoot = "";
			targets = (
				FB99EF822AB8F9A7009441FD /* yConnect */,
			);
		};
/* End PBXProject section */

/* Begin PBXResourcesBuildPhase section */
		FB99EF812AB8F9A7009441FD /* Resources */ = {
			isa = PBXResourcesBuildPhase;
			buildActionMask = 2147483647;
			files = (
				FB99EF992AB9091A009441FD /* imagen1.jpeg in Resources */,
				FB99EFAA2AB92611009441FD /* imagen6.png in Resources */,
				FB99EFA02AB91259009441FD /* imagen4.jpeg in Resources */,
				FB99EF902AB8F9A9009441FD /* Preview Assets.xcassets in Resources */,
				FB99EFA42AB9209F009441FD /* yConnect.svg in Resources */,
				FB99EF8D2AB8F9A9009441FD /* Assets.xcassets in Resources */,
				FB99EF9C2AB90B79009441FD /* imagen2.jpeg in Resources */,
			);
			runOnlyForDeploymentPostprocessing = 0;
		};
/* End PBXResourcesBuildPhase section */

/* Begin PBXSourcesBuildPhase section */
		FB99EF7F2AB8F9A7009441FD /* Sources */ = {
			isa = PBXSourcesBuildPhase;
			buildActionMask = 2147483647;
			files = (
				DB3349BD2AC3B48B00F99430 /* ImageView.swift in Sources */,
				FB106E2A2AC2548100B2781E /* Posts.swift in Sources */,
				FB8F33052AC653E5007B41D7 /* PostsModel.swift in Sources */,
				FBB0ED5E2AC63EB8001CC506 /* RegistroOrgView.swift in Sources */,
				FB8F630F2AD8E42900A39765 /* postOrgSection.swift in Sources */,
				FB106E232AC23DB600B2781E /* PostsView.swift in Sources */,
				FB17FC532AD633040020BC81 /* DemoTag.swift in Sources */,
				FB106E252AC2411600B2781E /* PostItemView.swift in Sources */,
				FB106E282AC24F0200B2781E /* Organization.swift in Sources */,
				FB99EF892AB8F9A7009441FD /* ContentView.swift in Sources */,
				FB17FC4F2AD632F50020BC81 /* UserModel.swift in Sources */,
				FB5008732ABD127B00028EEB /* ButtonComponent.swift in Sources */,
				FB274C3F2AD757AA005F6289 /* OrgProfileView.swift in Sources */,
				FBA740AD2ACB93ED00123543 /* TaskSearchBarComponent.swift in Sources */,
				FBD331DD2ABA6CAA007D4046 /* ConfirmCodeView.swift in Sources */,
				FB50086F2ABD0B3800028EEB /* TagSelectView.swift in Sources */,
				FB17FC612AD63D9A0020BC81 /* OrgInfoView.swift in Sources */,
				FB17FC5D2AD63D830020BC81 /* DirectionButtonView.swift in Sources */,
				FBA740AB2ACB918B00123543 /* TagModel.swift in Sources */,
				FB99EF9E2AB90FE4009441FD /* SectionView.swift in Sources */,
				FB17FC512AD632FB0020BC81 /* FavsPage.swift in Sources */,
				FBB0ED5C2AC63E58001CC506 /* MyButton.swift in Sources */,
				FB106E2C2AC2561D00B2781E /* Users.swift in Sources */,
				FB106E2E2AC258A000B2781E /* OrganizationModel.swift in Sources */,
				FB8F33072AC657FA007B41D7 /* Tags.swift in Sources */,
				FB99EF972AB90779009441FD /* ExploreView.swift in Sources */,
				FB17FC5F2AD63D910020BC81 /* ShareButtonView.swift in Sources */,
				DB3349BF2AC3BA3500F99430 /* VideosView.swift in Sources */,
				FB99EFA82AB922C4009441FD /* LogoView.swift in Sources */,
				FB99EFA22AB9194F009441FD /* SearchView.swift in Sources */,
				FB17FC4D2AD632ED0020BC81 /* SearchPage.swift in Sources */,
				FB5008712ABD0D1C00028EEB /* TagComponent.swift in Sources */,
				FB1626592ABA5BD40060C52A /* LogInView.swift in Sources */,
				FB1626572ABA56E30060C52A /* StartView.swift in Sources */,
				FBB0ED602AC640BB001CC506 /* ImagePickerView.swift in Sources */,
				FB17FC632AD63DA70020BC81 /* CallButtonView.swift in Sources */,
				DB3349C32AC3C09800F99430 /* VideoItemView.swift in Sources */,
				DB3349C12AC3BAB500F99430 /* VideoView.swift in Sources */,
				FBA740A92ACB8FB200123543 /* Tag.swift in Sources */,
				FB99EF872AB8F9A7009441FD /* yConnectApp.swift in Sources */,
				FBE1BF002AD4C79B00A5FA07 /* OrganizationPostsView.swift in Sources */,
			);
			runOnlyForDeploymentPostprocessing = 0;
		};
/* End PBXSourcesBuildPhase section */

/* Begin XCBuildConfiguration section */
		FB99EF912AB8F9A9009441FD /* Debug */ = {
			isa = XCBuildConfiguration;
			buildSettings = {
				ALWAYS_SEARCH_USER_PATHS = NO;
				ASSETCATALOG_COMPILER_GENERATE_SWIFT_ASSET_SYMBOL_EXTENSIONS = YES;
				CLANG_ANALYZER_NONNULL = YES;
				CLANG_ANALYZER_NUMBER_OBJECT_CONVERSION = YES_AGGRESSIVE;
				CLANG_CXX_LANGUAGE_STANDARD = "gnu++20";
				CLANG_ENABLE_MODULES = YES;
				CLANG_ENABLE_OBJC_ARC = YES;
				CLANG_ENABLE_OBJC_WEAK = YES;
				CLANG_WARN_BLOCK_CAPTURE_AUTORELEASING = YES;
				CLANG_WARN_BOOL_CONVERSION = YES;
				CLANG_WARN_COMMA = YES;
				CLANG_WARN_CONSTANT_CONVERSION = YES;
				CLANG_WARN_DEPRECATED_OBJC_IMPLEMENTATIONS = YES;
				CLANG_WARN_DIRECT_OBJC_ISA_USAGE = YES_ERROR;
				CLANG_WARN_DOCUMENTATION_COMMENTS = YES;
				CLANG_WARN_EMPTY_BODY = YES;
				CLANG_WARN_ENUM_CONVERSION = YES;
				CLANG_WARN_INFINITE_RECURSION = YES;
				CLANG_WARN_INT_CONVERSION = YES;
				CLANG_WARN_NON_LITERAL_NULL_CONVERSION = YES;
				CLANG_WARN_OBJC_IMPLICIT_RETAIN_SELF = YES;
				CLANG_WARN_OBJC_LITERAL_CONVERSION = YES;
				CLANG_WARN_OBJC_ROOT_CLASS = YES_ERROR;
				CLANG_WARN_QUOTED_INCLUDE_IN_FRAMEWORK_HEADER = YES;
				CLANG_WARN_RANGE_LOOP_ANALYSIS = YES;
				CLANG_WARN_STRICT_PROTOTYPES = YES;
				CLANG_WARN_SUSPICIOUS_MOVE = YES;
				CLANG_WARN_UNGUARDED_AVAILABILITY = YES_AGGRESSIVE;
				CLANG_WARN_UNREACHABLE_CODE = YES;
				CLANG_WARN__DUPLICATE_METHOD_MATCH = YES;
				COPY_PHASE_STRIP = NO;
				DEBUG_INFORMATION_FORMAT = dwarf;
				ENABLE_STRICT_OBJC_MSGSEND = YES;
				ENABLE_TESTABILITY = YES;
				ENABLE_USER_SCRIPT_SANDBOXING = YES;
				GCC_C_LANGUAGE_STANDARD = gnu17;
				GCC_DYNAMIC_NO_PIC = NO;
				GCC_NO_COMMON_BLOCKS = YES;
				GCC_OPTIMIZATION_LEVEL = 0;
				GCC_PREPROCESSOR_DEFINITIONS = (
					"DEBUG=1",
					"$(inherited)",
				);
				GCC_WARN_64_TO_32_BIT_CONVERSION = YES;
				GCC_WARN_ABOUT_RETURN_TYPE = YES_ERROR;
				GCC_WARN_UNDECLARED_SELECTOR = YES;
				GCC_WARN_UNINITIALIZED_AUTOS = YES_AGGRESSIVE;
				GCC_WARN_UNUSED_FUNCTION = YES;
				GCC_WARN_UNUSED_VARIABLE = YES;
				IPHONEOS_DEPLOYMENT_TARGET = 17.0;
				LOCALIZATION_PREFERS_STRING_CATALOGS = YES;
				MTL_ENABLE_DEBUG_INFO = INCLUDE_SOURCE;
				MTL_FAST_MATH = YES;
				ONLY_ACTIVE_ARCH = YES;
				SDKROOT = iphoneos;
				SWIFT_ACTIVE_COMPILATION_CONDITIONS = "DEBUG $(inherited)";
				SWIFT_OPTIMIZATION_LEVEL = "-Onone";
			};
			name = Debug;
		};
		FB99EF922AB8F9A9009441FD /* Release */ = {
			isa = XCBuildConfiguration;
			buildSettings = {
				ALWAYS_SEARCH_USER_PATHS = NO;
				ASSETCATALOG_COMPILER_GENERATE_SWIFT_ASSET_SYMBOL_EXTENSIONS = YES;
				CLANG_ANALYZER_NONNULL = YES;
				CLANG_ANALYZER_NUMBER_OBJECT_CONVERSION = YES_AGGRESSIVE;
				CLANG_CXX_LANGUAGE_STANDARD = "gnu++20";
				CLANG_ENABLE_MODULES = YES;
				CLANG_ENABLE_OBJC_ARC = YES;
				CLANG_ENABLE_OBJC_WEAK = YES;
				CLANG_WARN_BLOCK_CAPTURE_AUTORELEASING = YES;
				CLANG_WARN_BOOL_CONVERSION = YES;
				CLANG_WARN_COMMA = YES;
				CLANG_WARN_CONSTANT_CONVERSION = YES;
				CLANG_WARN_DEPRECATED_OBJC_IMPLEMENTATIONS = YES;
				CLANG_WARN_DIRECT_OBJC_ISA_USAGE = YES_ERROR;
				CLANG_WARN_DOCUMENTATION_COMMENTS = YES;
				CLANG_WARN_EMPTY_BODY = YES;
				CLANG_WARN_ENUM_CONVERSION = YES;
				CLANG_WARN_INFINITE_RECURSION = YES;
				CLANG_WARN_INT_CONVERSION = YES;
				CLANG_WARN_NON_LITERAL_NULL_CONVERSION = YES;
				CLANG_WARN_OBJC_IMPLICIT_RETAIN_SELF = YES;
				CLANG_WARN_OBJC_LITERAL_CONVERSION = YES;
				CLANG_WARN_OBJC_ROOT_CLASS = YES_ERROR;
				CLANG_WARN_QUOTED_INCLUDE_IN_FRAMEWORK_HEADER = YES;
				CLANG_WARN_RANGE_LOOP_ANALYSIS = YES;
				CLANG_WARN_STRICT_PROTOTYPES = YES;
				CLANG_WARN_SUSPICIOUS_MOVE = YES;
				CLANG_WARN_UNGUARDED_AVAILABILITY = YES_AGGRESSIVE;
				CLANG_WARN_UNREACHABLE_CODE = YES;
				CLANG_WARN__DUPLICATE_METHOD_MATCH = YES;
				COPY_PHASE_STRIP = NO;
				DEBUG_INFORMATION_FORMAT = "dwarf-with-dsym";
				ENABLE_NS_ASSERTIONS = NO;
				ENABLE_STRICT_OBJC_MSGSEND = YES;
				ENABLE_USER_SCRIPT_SANDBOXING = YES;
				GCC_C_LANGUAGE_STANDARD = gnu17;
				GCC_NO_COMMON_BLOCKS = YES;
				GCC_WARN_64_TO_32_BIT_CONVERSION = YES;
				GCC_WARN_ABOUT_RETURN_TYPE = YES_ERROR;
				GCC_WARN_UNDECLARED_SELECTOR = YES;
				GCC_WARN_UNINITIALIZED_AUTOS = YES_AGGRESSIVE;
				GCC_WARN_UNUSED_FUNCTION = YES;
				GCC_WARN_UNUSED_VARIABLE = YES;
				IPHONEOS_DEPLOYMENT_TARGET = 17.0;
				LOCALIZATION_PREFERS_STRING_CATALOGS = YES;
				MTL_ENABLE_DEBUG_INFO = NO;
				MTL_FAST_MATH = YES;
				SDKROOT = iphoneos;
				SWIFT_COMPILATION_MODE = wholemodule;
				VALIDATE_PRODUCT = YES;
			};
			name = Release;
		};
		FB99EF942AB8F9A9009441FD /* Debug */ = {
			isa = XCBuildConfiguration;
			buildSettings = {
				ASSETCATALOG_COMPILER_APPICON_NAME = AppIcon;
				ASSETCATALOG_COMPILER_GLOBAL_ACCENT_COLOR_NAME = AccentColor;
				CODE_SIGN_STYLE = Automatic;
				CURRENT_PROJECT_VERSION = 1;
				DEVELOPMENT_ASSET_PATHS = "\"yConnect/Preview Content\"";
				DEVELOPMENT_TEAM = Q4L5GLAD5L;
				ENABLE_PREVIEWS = YES;
				GENERATE_INFOPLIST_FILE = YES;
				INFOPLIST_FILE = yConnect/Info.plist;
				INFOPLIST_KEY_UIApplicationSupportsIndirectInputEvents = YES;
				INFOPLIST_KEY_UILaunchScreen_Generation = YES;
				INFOPLIST_KEY_UISupportedInterfaceOrientations_iPad = "UIInterfaceOrientationPortrait UIInterfaceOrientationPortraitUpsideDown UIInterfaceOrientationLandscapeLeft UIInterfaceOrientationLandscapeRight";
				INFOPLIST_KEY_UISupportedInterfaceOrientations_iPhone = "UIInterfaceOrientationPortrait UIInterfaceOrientationLandscapeLeft UIInterfaceOrientationLandscapeRight";
				LD_RUNPATH_SEARCH_PATHS = (
					"$(inherited)",
					"@executable_path/Frameworks",
				);
				MARKETING_VERSION = 1.0;
				PRODUCT_BUNDLE_IDENTIFIER = mx.tec.yConnect;
				PRODUCT_NAME = "$(TARGET_NAME)";
				SWIFT_EMIT_LOC_STRINGS = YES;
				SWIFT_VERSION = 5.0;
				TARGETED_DEVICE_FAMILY = "1,2";
			};
			name = Debug;
		};
		FB99EF952AB8F9A9009441FD /* Release */ = {
			isa = XCBuildConfiguration;
			buildSettings = {
				ASSETCATALOG_COMPILER_APPICON_NAME = AppIcon;
				ASSETCATALOG_COMPILER_GLOBAL_ACCENT_COLOR_NAME = AccentColor;
				CODE_SIGN_STYLE = Automatic;
				CURRENT_PROJECT_VERSION = 1;
				DEVELOPMENT_ASSET_PATHS = "\"yConnect/Preview Content\"";
				DEVELOPMENT_TEAM = Q4L5GLAD5L;
				ENABLE_PREVIEWS = YES;
				GENERATE_INFOPLIST_FILE = YES;
				INFOPLIST_FILE = yConnect/Info.plist;
				INFOPLIST_KEY_UIApplicationSupportsIndirectInputEvents = YES;
				INFOPLIST_KEY_UILaunchScreen_Generation = YES;
				INFOPLIST_KEY_UISupportedInterfaceOrientations_iPad = "UIInterfaceOrientationPortrait UIInterfaceOrientationPortraitUpsideDown UIInterfaceOrientationLandscapeLeft UIInterfaceOrientationLandscapeRight";
				INFOPLIST_KEY_UISupportedInterfaceOrientations_iPhone = "UIInterfaceOrientationPortrait UIInterfaceOrientationLandscapeLeft UIInterfaceOrientationLandscapeRight";
				LD_RUNPATH_SEARCH_PATHS = (
					"$(inherited)",
					"@executable_path/Frameworks",
				);
				MARKETING_VERSION = 1.0;
				PRODUCT_BUNDLE_IDENTIFIER = mx.tec.yConnect;
				PRODUCT_NAME = "$(TARGET_NAME)";
				SWIFT_EMIT_LOC_STRINGS = YES;
				SWIFT_VERSION = 5.0;
				TARGETED_DEVICE_FAMILY = "1,2";
			};
			name = Release;
		};
/* End XCBuildConfiguration section */

/* Begin XCConfigurationList section */
		FB99EF7E2AB8F9A7009441FD /* Build configuration list for PBXProject "yConnect" */ = {
			isa = XCConfigurationList;
			buildConfigurations = (
				FB99EF912AB8F9A9009441FD /* Debug */,
				FB99EF922AB8F9A9009441FD /* Release */,
			);
			defaultConfigurationIsVisible = 0;
			defaultConfigurationName = Release;
		};
		FB99EF932AB8F9A9009441FD /* Build configuration list for PBXNativeTarget "yConnect" */ = {
			isa = XCConfigurationList;
			buildConfigurations = (
				FB99EF942AB8F9A9009441FD /* Debug */,
				FB99EF952AB8F9A9009441FD /* Release */,
			);
			defaultConfigurationIsVisible = 0;
			defaultConfigurationName = Release;
		};
/* End XCConfigurationList section */

/* Begin XCRemoteSwiftPackageReference section */
		DB3349B92AC3B44100F99430 /* XCRemoteSwiftPackageReference "Kingfisher" */ = {
			isa = XCRemoteSwiftPackageReference;
			repositoryURL = "https://github.com/onevcat/Kingfisher.git";
			requirement = {
				kind = upToNextMajorVersion;
				minimumVersion = 7.9.1;
			};
		};
		FB106E2F2AC25B9A00B2781E /* XCRemoteSwiftPackageReference "Alamofire" */ = {
			isa = XCRemoteSwiftPackageReference;
			repositoryURL = "https://github.com/Alamofire/Alamofire.git";
			requirement = {
				kind = upToNextMajorVersion;
				minimumVersion = 5.8.0;
			};
		};
		FB106E322AC25C0500B2781E /* XCRemoteSwiftPackageReference "SwiftyJSON" */ = {
			isa = XCRemoteSwiftPackageReference;
			repositoryURL = "https://github.com/SwiftyJSON/SwiftyJSON.git";
			requirement = {
				kind = upToNextMajorVersion;
				minimumVersion = 5.0.1;
			};
		};
/* End XCRemoteSwiftPackageReference section */

/* Begin XCSwiftPackageProductDependency section */
		DB3349BA2AC3B44100F99430 /* Kingfisher */ = {
			isa = XCSwiftPackageProductDependency;
			package = DB3349B92AC3B44100F99430 /* XCRemoteSwiftPackageReference "Kingfisher" */;
			productName = Kingfisher;
		};
		FB106E302AC25B9A00B2781E /* Alamofire */ = {
			isa = XCSwiftPackageProductDependency;
			package = FB106E2F2AC25B9A00B2781E /* XCRemoteSwiftPackageReference "Alamofire" */;
			productName = Alamofire;
		};
		FB106E332AC25C0500B2781E /* SwiftyJSON */ = {
			isa = XCSwiftPackageProductDependency;
			package = FB106E322AC25C0500B2781E /* XCRemoteSwiftPackageReference "SwiftyJSON" */;
			productName = SwiftyJSON;
		};
/* End XCSwiftPackageProductDependency section */
	};
	rootObject = FB99EF7B2AB8F9A7009441FD /* Project object */;
}
