// !$*UTF8*$!
{
	archiveVersion = 1;
	classes = {
	};
	objectVersion = 56;
	objects = {

/* Begin PBXBuildFile section */
		FB1626572ABA56E30060C52A /* StartView.swift in Sources */ = {isa = PBXBuildFile; fileRef = FB1626562ABA56E30060C52A /* StartView.swift */; };
		FB1626592ABA5BD40060C52A /* LogInView.swift in Sources */ = {isa = PBXBuildFile; fileRef = FB1626582ABA5BD40060C52A /* LogInView.swift */; };
		FB99EF872AB8F9A7009441FD /* yConnectApp.swift in Sources */ = {isa = PBXBuildFile; fileRef = FB99EF862AB8F9A7009441FD /* yConnectApp.swift */; };
		FB99EF892AB8F9A7009441FD /* ContentView.swift in Sources */ = {isa = PBXBuildFile; fileRef = FB99EF882AB8F9A7009441FD /* ContentView.swift */; };
		FB99EF8B2AB8F9A7009441FD /* Item.swift in Sources */ = {isa = PBXBuildFile; fileRef = FB99EF8A2AB8F9A7009441FD /* Item.swift */; };
		FB99EF8D2AB8F9A9009441FD /* Assets.xcassets in Resources */ = {isa = PBXBuildFile; fileRef = FB99EF8C2AB8F9A9009441FD /* Assets.xcassets */; };
		FB99EF902AB8F9A9009441FD /* Preview Assets.xcassets in Resources */ = {isa = PBXBuildFile; fileRef = FB99EF8F2AB8F9A9009441FD /* Preview Assets.xcassets */; };
		FB99EF972AB90779009441FD /* ExploreView.swift in Sources */ = {isa = PBXBuildFile; fileRef = FB99EF962AB90779009441FD /* ExploreView.swift */; };
		FB99EF992AB9091A009441FD /* imagen1.jpeg in Resources */ = {isa = PBXBuildFile; fileRef = FB99EF982AB9091A009441FD /* imagen1.jpeg */; };
		FB99EF9C2AB90B79009441FD /* imagen2.jpeg in Resources */ = {isa = PBXBuildFile; fileRef = FB99EF9B2AB90B79009441FD /* imagen2.jpeg */; };
		FB99EF9E2AB90FE4009441FD /* SectionView.swift in Sources */ = {isa = PBXBuildFile; fileRef = FB99EF9D2AB90FE4009441FD /* SectionView.swift */; };
		FB99EFA02AB91259009441FD /* imagen4.jpeg in Resources */ = {isa = PBXBuildFile; fileRef = FB99EF9F2AB91259009441FD /* imagen4.jpeg */; };
		FB99EFA22AB9194F009441FD /* SearchView.swift in Sources */ = {isa = PBXBuildFile; fileRef = FB99EFA12AB9194F009441FD /* SearchView.swift */; };
		FB99EFA42AB9209F009441FD /* yConnect.svg in Resources */ = {isa = PBXBuildFile; fileRef = FB99EFA32AB9209F009441FD /* yConnect.svg */; };
		FB99EFA82AB922C4009441FD /* LogoView.swift in Sources */ = {isa = PBXBuildFile; fileRef = FB99EFA72AB922C4009441FD /* LogoView.swift */; };
		FB99EFAA2AB92611009441FD /* imagen6.png in Resources */ = {isa = PBXBuildFile; fileRef = FB99EFA92AB92611009441FD /* imagen6.png */; };
		FBD331DD2ABA6CAA007D4046 /* ConfirmCodeView.swift in Sources */ = {isa = PBXBuildFile; fileRef = FBD331DC2ABA6CAA007D4046 /* ConfirmCodeView.swift */; };
/* End PBXBuildFile section */

/* Begin PBXFileReference section */
		FB1626562ABA56E30060C52A /* StartView.swift */ = {isa = PBXFileReference; lastKnownFileType = sourcecode.swift; path = StartView.swift; sourceTree = "<group>"; };
		FB1626582ABA5BD40060C52A /* LogInView.swift */ = {isa = PBXFileReference; lastKnownFileType = sourcecode.swift; path = LogInView.swift; sourceTree = "<group>"; };
		FB99EF832AB8F9A7009441FD /* yConnect.app */ = {isa = PBXFileReference; explicitFileType = wrapper.application; includeInIndex = 0; path = yConnect.app; sourceTree = BUILT_PRODUCTS_DIR; };
		FB99EF862AB8F9A7009441FD /* yConnectApp.swift */ = {isa = PBXFileReference; lastKnownFileType = sourcecode.swift; path = yConnectApp.swift; sourceTree = "<group>"; };
		FB99EF882AB8F9A7009441FD /* ContentView.swift */ = {isa = PBXFileReference; lastKnownFileType = sourcecode.swift; path = ContentView.swift; sourceTree = "<group>"; };
		FB99EF8A2AB8F9A7009441FD /* Item.swift */ = {isa = PBXFileReference; lastKnownFileType = sourcecode.swift; path = Item.swift; sourceTree = "<group>"; };
		FB99EF8C2AB8F9A9009441FD /* Assets.xcassets */ = {isa = PBXFileReference; lastKnownFileType = folder.assetcatalog; path = Assets.xcassets; sourceTree = "<group>"; };
		FB99EF8F2AB8F9A9009441FD /* Preview Assets.xcassets */ = {isa = PBXFileReference; lastKnownFileType = folder.assetcatalog; path = "Preview Assets.xcassets"; sourceTree = "<group>"; };
		FB99EF962AB90779009441FD /* ExploreView.swift */ = {isa = PBXFileReference; lastKnownFileType = sourcecode.swift; path = ExploreView.swift; sourceTree = "<group>"; };
		FB99EF982AB9091A009441FD /* imagen1.jpeg */ = {isa = PBXFileReference; lastKnownFileType = image.jpeg; path = imagen1.jpeg; sourceTree = "<group>"; };
		FB99EF9A2AB90ACF009441FD /* imagen3.webp */ = {isa = PBXFileReference; lastKnownFileType = file; path = imagen3.webp; sourceTree = "<group>"; };
		FB99EF9B2AB90B79009441FD /* imagen2.jpeg */ = {isa = PBXFileReference; lastKnownFileType = image.jpeg; path = imagen2.jpeg; sourceTree = "<group>"; };
		FB99EF9D2AB90FE4009441FD /* SectionView.swift */ = {isa = PBXFileReference; lastKnownFileType = sourcecode.swift; path = SectionView.swift; sourceTree = "<group>"; };
		FB99EF9F2AB91259009441FD /* imagen4.jpeg */ = {isa = PBXFileReference; lastKnownFileType = image.jpeg; path = imagen4.jpeg; sourceTree = "<group>"; };
		FB99EFA12AB9194F009441FD /* SearchView.swift */ = {isa = PBXFileReference; fileEncoding = 4; lastKnownFileType = sourcecode.swift; path = SearchView.swift; sourceTree = "<group>"; };
		FB99EFA32AB9209F009441FD /* yConnect.svg */ = {isa = PBXFileReference; fileEncoding = 4; lastKnownFileType = text; path = yConnect.svg; sourceTree = "<group>"; };
		FB99EFA72AB922C4009441FD /* LogoView.swift */ = {isa = PBXFileReference; lastKnownFileType = sourcecode.swift; path = LogoView.swift; sourceTree = "<group>"; };
		FB99EFA92AB92611009441FD /* imagen6.png */ = {isa = PBXFileReference; lastKnownFileType = image.png; path = imagen6.png; sourceTree = "<group>"; };
		FBD331DC2ABA6CAA007D4046 /* ConfirmCodeView.swift */ = {isa = PBXFileReference; lastKnownFileType = sourcecode.swift; path = ConfirmCodeView.swift; sourceTree = "<group>"; };
/* End PBXFileReference section */

/* Begin PBXFrameworksBuildPhase section */
		FB99EF802AB8F9A7009441FD /* Frameworks */ = {
			isa = PBXFrameworksBuildPhase;
			buildActionMask = 2147483647;
			files = (
			);
			runOnlyForDeploymentPostprocessing = 0;
		};
/* End PBXFrameworksBuildPhase section */

/* Begin PBXGroup section */
		FB99EF7A2AB8F9A7009441FD = {
			isa = PBXGroup;
			children = (
				FB99EF852AB8F9A7009441FD /* yConnect */,
				FB99EF842AB8F9A7009441FD /* Products */,
			);
			sourceTree = "<group>";
		};
		FB99EF842AB8F9A7009441FD /* Products */ = {
			isa = PBXGroup;
			children = (
				FB99EF832AB8F9A7009441FD /* yConnect.app */,
			);
			name = Products;
			sourceTree = "<group>";
		};
		FB99EF852AB8F9A7009441FD /* yConnect */ = {
			isa = PBXGroup;
			children = (
				FB99EF862AB8F9A7009441FD /* yConnectApp.swift */,
				FB99EF882AB8F9A7009441FD /* ContentView.swift */,
				FB1626562ABA56E30060C52A /* StartView.swift */,
				FB1626582ABA5BD40060C52A /* LogInView.swift */,
				FBD331DC2ABA6CAA007D4046 /* ConfirmCodeView.swift */,
				FB99EF962AB90779009441FD /* ExploreView.swift */,
				FB99EFA72AB922C4009441FD /* LogoView.swift */,
				FB99EF9D2AB90FE4009441FD /* SectionView.swift */,
				FB99EFA12AB9194F009441FD /* SearchView.swift */,
				FB99EF8A2AB8F9A7009441FD /* Item.swift */,
				FB99EF8C2AB8F9A9009441FD /* Assets.xcassets */,
				FB99EFA32AB9209F009441FD /* yConnect.svg */,
				FB99EF9B2AB90B79009441FD /* imagen2.jpeg */,
				FB99EF9F2AB91259009441FD /* imagen4.jpeg */,
				FB99EF9A2AB90ACF009441FD /* imagen3.webp */,
				FB99EFA92AB92611009441FD /* imagen6.png */,
				FB99EF982AB9091A009441FD /* imagen1.jpeg */,
				FB99EF8E2AB8F9A9009441FD /* Preview Content */,
			);
			path = yConnect;
			sourceTree = "<group>";
		};
		FB99EF8E2AB8F9A9009441FD /* Preview Content */ = {
			isa = PBXGroup;
			children = (
				FB99EF8F2AB8F9A9009441FD /* Preview Assets.xcassets */,
			);
			path = "Preview Content";
			sourceTree = "<group>";
		};
/* End PBXGroup section */

/* Begin PBXNativeTarget section */
		FB99EF822AB8F9A7009441FD /* yConnect */ = {
			isa = PBXNativeTarget;
			buildConfigurationList = FB99EF932AB8F9A9009441FD /* Build configuration list for PBXNativeTarget "yConnect" */;
			buildPhases = (
				FB99EF7F2AB8F9A7009441FD /* Sources */,
				FB99EF802AB8F9A7009441FD /* Frameworks */,
				FB99EF812AB8F9A7009441FD /* Resources */,
			);
			buildRules = (
			);
			dependencies = (
			);
			name = yConnect;
			productName = yConnect;
			productReference = FB99EF832AB8F9A7009441FD /* yConnect.app */;
			productType = "com.apple.product-type.application";
		};
/* End PBXNativeTarget section */

/* Begin PBXProject section */
		FB99EF7B2AB8F9A7009441FD /* Project object */ = {
			isa = PBXProject;
			attributes = {
				BuildIndependentTargetsInParallel = 1;
				LastSwiftUpdateCheck = 1500;
				LastUpgradeCheck = 1500;
				TargetAttributes = {
					FB99EF822AB8F9A7009441FD = {
						CreatedOnToolsVersion = 15.0;
					};
				};
			};
			buildConfigurationList = FB99EF7E2AB8F9A7009441FD /* Build configuration list for PBXProject "yConnect" */;
			compatibilityVersion = "Xcode 14.0";
			developmentRegion = en;
			hasScannedForEncodings = 0;
			knownRegions = (
				en,
				Base,
			);
			mainGroup = FB99EF7A2AB8F9A7009441FD;
			productRefGroup = FB99EF842AB8F9A7009441FD /* Products */;
			projectDirPath = "";
			projectRoot = "";
			targets = (
				FB99EF822AB8F9A7009441FD /* yConnect */,
			);
		};
/* End PBXProject section */

/* Begin PBXResourcesBuildPhase section */
		FB99EF812AB8F9A7009441FD /* Resources */ = {
			isa = PBXResourcesBuildPhase;
			buildActionMask = 2147483647;
			files = (
				FB99EF992AB9091A009441FD /* imagen1.jpeg in Resources */,
				FB99EFAA2AB92611009441FD /* imagen6.png in Resources */,
				FB99EFA02AB91259009441FD /* imagen4.jpeg in Resources */,
				FB99EF902AB8F9A9009441FD /* Preview Assets.xcassets in Resources */,
				FB99EFA42AB9209F009441FD /* yConnect.svg in Resources */,
				FB99EF8D2AB8F9A9009441FD /* Assets.xcassets in Resources */,
				FB99EF9C2AB90B79009441FD /* imagen2.jpeg in Resources */,
			);
			runOnlyForDeploymentPostprocessing = 0;
		};
/* End PBXResourcesBuildPhase section */

/* Begin PBXSourcesBuildPhase section */
		FB99EF7F2AB8F9A7009441FD /* Sources */ = {
			isa = PBXSourcesBuildPhase;
			buildActionMask = 2147483647;
			files = (
				FB99EF892AB8F9A7009441FD /* ContentView.swift in Sources */,
				FB99EF8B2AB8F9A7009441FD /* Item.swift in Sources */,
				FBD331DD2ABA6CAA007D4046 /* ConfirmCodeView.swift in Sources */,
				FB99EF9E2AB90FE4009441FD /* SectionView.swift in Sources */,
				FB99EF972AB90779009441FD /* ExploreView.swift in Sources */,
				FB99EFA82AB922C4009441FD /* LogoView.swift in Sources */,
				FB99EFA22AB9194F009441FD /* SearchView.swift in Sources */,
				FB1626592ABA5BD40060C52A /* LogInView.swift in Sources */,
				FB1626572ABA56E30060C52A /* StartView.swift in Sources */,
				FB99EF872AB8F9A7009441FD /* yConnectApp.swift in Sources */,
			);
			runOnlyForDeploymentPostprocessing = 0;
		};
/* End PBXSourcesBuildPhase section */

/* Begin XCBuildConfiguration section */
		FB99EF912AB8F9A9009441FD /* Debug */ = {
			isa = XCBuildConfiguration;
			buildSettings = {
				ALWAYS_SEARCH_USER_PATHS = NO;
				ASSETCATALOG_COMPILER_GENERATE_SWIFT_ASSET_SYMBOL_EXTENSIONS = YES;
				CLANG_ANALYZER_NONNULL = YES;
				CLANG_ANALYZER_NUMBER_OBJECT_CONVERSION = YES_AGGRESSIVE;
				CLANG_CXX_LANGUAGE_STANDARD = "gnu++20";
				CLANG_ENABLE_MODULES = YES;
				CLANG_ENABLE_OBJC_ARC = YES;
				CLANG_ENABLE_OBJC_WEAK = YES;
				CLANG_WARN_BLOCK_CAPTURE_AUTORELEASING = YES;
				CLANG_WARN_BOOL_CONVERSION = YES;
				CLANG_WARN_COMMA = YES;
				CLANG_WARN_CONSTANT_CONVERSION = YES;
				CLANG_WARN_DEPRECATED_OBJC_IMPLEMENTATIONS = YES;
				CLANG_WARN_DIRECT_OBJC_ISA_USAGE = YES_ERROR;
				CLANG_WARN_DOCUMENTATION_COMMENTS = YES;
				CLANG_WARN_EMPTY_BODY = YES;
				CLANG_WARN_ENUM_CONVERSION = YES;
				CLANG_WARN_INFINITE_RECURSION = YES;
				CLANG_WARN_INT_CONVERSION = YES;
				CLANG_WARN_NON_LITERAL_NULL_CONVERSION = YES;
				CLANG_WARN_OBJC_IMPLICIT_RETAIN_SELF = YES;
				CLANG_WARN_OBJC_LITERAL_CONVERSION = YES;
				CLANG_WARN_OBJC_ROOT_CLASS = YES_ERROR;
				CLANG_WARN_QUOTED_INCLUDE_IN_FRAMEWORK_HEADER = YES;
				CLANG_WARN_RANGE_LOOP_ANALYSIS = YES;
				CLANG_WARN_STRICT_PROTOTYPES = YES;
				CLANG_WARN_SUSPICIOUS_MOVE = YES;
				CLANG_WARN_UNGUARDED_AVAILABILITY = YES_AGGRESSIVE;
				CLANG_WARN_UNREACHABLE_CODE = YES;
				CLANG_WARN__DUPLICATE_METHOD_MATCH = YES;
				COPY_PHASE_STRIP = NO;
				DEBUG_INFORMATION_FORMAT = dwarf;
				ENABLE_STRICT_OBJC_MSGSEND = YES;
				ENABLE_TESTABILITY = YES;
				ENABLE_USER_SCRIPT_SANDBOXING = YES;
				GCC_C_LANGUAGE_STANDARD = gnu17;
				GCC_DYNAMIC_NO_PIC = NO;
				GCC_NO_COMMON_BLOCKS = YES;
				GCC_OPTIMIZATION_LEVEL = 0;
				GCC_PREPROCESSOR_DEFINITIONS = (
					"DEBUG=1",
					"$(inherited)",
				);
				GCC_WARN_64_TO_32_BIT_CONVERSION = YES;
				GCC_WARN_ABOUT_RETURN_TYPE = YES_ERROR;
				GCC_WARN_UNDECLARED_SELECTOR = YES;
				GCC_WARN_UNINITIALIZED_AUTOS = YES_AGGRESSIVE;
				GCC_WARN_UNUSED_FUNCTION = YES;
				GCC_WARN_UNUSED_VARIABLE = YES;
				IPHONEOS_DEPLOYMENT_TARGET = 17.0;
				LOCALIZATION_PREFERS_STRING_CATALOGS = YES;
				MTL_ENABLE_DEBUG_INFO = INCLUDE_SOURCE;
				MTL_FAST_MATH = YES;
				ONLY_ACTIVE_ARCH = YES;
				SDKROOT = iphoneos;
				SWIFT_ACTIVE_COMPILATION_CONDITIONS = "DEBUG $(inherited)";
				SWIFT_OPTIMIZATION_LEVEL = "-Onone";
			};
			name = Debug;
		};
		FB99EF922AB8F9A9009441FD /* Release */ = {
			isa = XCBuildConfiguration;
			buildSettings = {
				ALWAYS_SEARCH_USER_PATHS = NO;
				ASSETCATALOG_COMPILER_GENERATE_SWIFT_ASSET_SYMBOL_EXTENSIONS = YES;
				CLANG_ANALYZER_NONNULL = YES;
				CLANG_ANALYZER_NUMBER_OBJECT_CONVERSION = YES_AGGRESSIVE;
				CLANG_CXX_LANGUAGE_STANDARD = "gnu++20";
				CLANG_ENABLE_MODULES = YES;
				CLANG_ENABLE_OBJC_ARC = YES;
				CLANG_ENABLE_OBJC_WEAK = YES;
				CLANG_WARN_BLOCK_CAPTURE_AUTORELEASING = YES;
				CLANG_WARN_BOOL_CONVERSION = YES;
				CLANG_WARN_COMMA = YES;
				CLANG_WARN_CONSTANT_CONVERSION = YES;
				CLANG_WARN_DEPRECATED_OBJC_IMPLEMENTATIONS = YES;
				CLANG_WARN_DIRECT_OBJC_ISA_USAGE = YES_ERROR;
				CLANG_WARN_DOCUMENTATION_COMMENTS = YES;
				CLANG_WARN_EMPTY_BODY = YES;
				CLANG_WARN_ENUM_CONVERSION = YES;
				CLANG_WARN_INFINITE_RECURSION = YES;
				CLANG_WARN_INT_CONVERSION = YES;
				CLANG_WARN_NON_LITERAL_NULL_CONVERSION = YES;
				CLANG_WARN_OBJC_IMPLICIT_RETAIN_SELF = YES;
				CLANG_WARN_OBJC_LITERAL_CONVERSION = YES;
				CLANG_WARN_OBJC_ROOT_CLASS = YES_ERROR;
				CLANG_WARN_QUOTED_INCLUDE_IN_FRAMEWORK_HEADER = YES;
				CLANG_WARN_RANGE_LOOP_ANALYSIS = YES;
				CLANG_WARN_STRICT_PROTOTYPES = YES;
				CLANG_WARN_SUSPICIOUS_MOVE = YES;
				CLANG_WARN_UNGUARDED_AVAILABILITY = YES_AGGRESSIVE;
				CLANG_WARN_UNREACHABLE_CODE = YES;
				CLANG_WARN__DUPLICATE_METHOD_MATCH = YES;
				COPY_PHASE_STRIP = NO;
				DEBUG_INFORMATION_FORMAT = "dwarf-with-dsym";
				ENABLE_NS_ASSERTIONS = NO;
				ENABLE_STRICT_OBJC_MSGSEND = YES;
				ENABLE_USER_SCRIPT_SANDBOXING = YES;
				GCC_C_LANGUAGE_STANDARD = gnu17;
				GCC_NO_COMMON_BLOCKS = YES;
				GCC_WARN_64_TO_32_BIT_CONVERSION = YES;
				GCC_WARN_ABOUT_RETURN_TYPE = YES_ERROR;
				GCC_WARN_UNDECLARED_SELECTOR = YES;
				GCC_WARN_UNINITIALIZED_AUTOS = YES_AGGRESSIVE;
				GCC_WARN_UNUSED_FUNCTION = YES;
				GCC_WARN_UNUSED_VARIABLE = YES;
				IPHONEOS_DEPLOYMENT_TARGET = 17.0;
				LOCALIZATION_PREFERS_STRING_CATALOGS = YES;
				MTL_ENABLE_DEBUG_INFO = NO;
				MTL_FAST_MATH = YES;
				SDKROOT = iphoneos;
				SWIFT_COMPILATION_MODE = wholemodule;
				VALIDATE_PRODUCT = YES;
			};
			name = Release;
		};
		FB99EF942AB8F9A9009441FD /* Debug */ = {
			isa = XCBuildConfiguration;
			buildSettings = {
				ASSETCATALOG_COMPILER_APPICON_NAME = AppIcon;
				ASSETCATALOG_COMPILER_GLOBAL_ACCENT_COLOR_NAME = AccentColor;
				CODE_SIGN_STYLE = Automatic;
				CURRENT_PROJECT_VERSION = 1;
				DEVELOPMENT_ASSET_PATHS = "\"yConnect/Preview Content\"";
				DEVELOPMENT_TEAM = Q4L5GLAD5L;
				ENABLE_PREVIEWS = YES;
				GENERATE_INFOPLIST_FILE = YES;
				INFOPLIST_KEY_UIApplicationSceneManifest_Generation = YES;
				INFOPLIST_KEY_UIApplicationSupportsIndirectInputEvents = YES;
				INFOPLIST_KEY_UILaunchScreen_Generation = YES;
				INFOPLIST_KEY_UISupportedInterfaceOrientations_iPad = "UIInterfaceOrientationPortrait UIInterfaceOrientationPortraitUpsideDown UIInterfaceOrientationLandscapeLeft UIInterfaceOrientationLandscapeRight";
				INFOPLIST_KEY_UISupportedInterfaceOrientations_iPhone = "UIInterfaceOrientationPortrait UIInterfaceOrientationLandscapeLeft UIInterfaceOrientationLandscapeRight";
				LD_RUNPATH_SEARCH_PATHS = (
					"$(inherited)",
					"@executable_path/Frameworks",
				);
				MARKETING_VERSION = 1.0;
				PRODUCT_BUNDLE_IDENTIFIER = mx.tec.yConnect;
				PRODUCT_NAME = "$(TARGET_NAME)";
				SWIFT_EMIT_LOC_STRINGS = YES;
				SWIFT_VERSION = 5.0;
				TARGETED_DEVICE_FAMILY = "1,2";
			};
			name = Debug;
		};
		FB99EF952AB8F9A9009441FD /* Release */ = {
			isa = XCBuildConfiguration;
			buildSettings = {
				ASSETCATALOG_COMPILER_APPICON_NAME = AppIcon;
				ASSETCATALOG_COMPILER_GLOBAL_ACCENT_COLOR_NAME = AccentColor;
				CODE_SIGN_STYLE = Automatic;
				CURRENT_PROJECT_VERSION = 1;
				DEVELOPMENT_ASSET_PATHS = "\"yConnect/Preview Content\"";
				DEVELOPMENT_TEAM = Q4L5GLAD5L;
				ENABLE_PREVIEWS = YES;
				GENERATE_INFOPLIST_FILE = YES;
				INFOPLIST_KEY_UIApplicationSceneManifest_Generation = YES;
				INFOPLIST_KEY_UIApplicationSupportsIndirectInputEvents = YES;
				INFOPLIST_KEY_UILaunchScreen_Generation = YES;
				INFOPLIST_KEY_UISupportedInterfaceOrientations_iPad = "UIInterfaceOrientationPortrait UIInterfaceOrientationPortraitUpsideDown UIInterfaceOrientationLandscapeLeft UIInterfaceOrientationLandscapeRight";
				INFOPLIST_KEY_UISupportedInterfaceOrientations_iPhone = "UIInterfaceOrientationPortrait UIInterfaceOrientationLandscapeLeft UIInterfaceOrientationLandscapeRight";
				LD_RUNPATH_SEARCH_PATHS = (
					"$(inherited)",
					"@executable_path/Frameworks",
				);
				MARKETING_VERSION = 1.0;
				PRODUCT_BUNDLE_IDENTIFIER = mx.tec.yConnect;
				PRODUCT_NAME = "$(TARGET_NAME)";
				SWIFT_EMIT_LOC_STRINGS = YES;
				SWIFT_VERSION = 5.0;
				TARGETED_DEVICE_FAMILY = "1,2";
			};
			name = Release;
		};
/* End XCBuildConfiguration section */

/* Begin XCConfigurationList section */
		FB99EF7E2AB8F9A7009441FD /* Build configuration list for PBXProject "yConnect" */ = {
			isa = XCConfigurationList;
			buildConfigurations = (
				FB99EF912AB8F9A9009441FD /* Debug */,
				FB99EF922AB8F9A9009441FD /* Release */,
			);
			defaultConfigurationIsVisible = 0;
			defaultConfigurationName = Release;
		};
		FB99EF932AB8F9A9009441FD /* Build configuration list for PBXNativeTarget "yConnect" */ = {
			isa = XCConfigurationList;
			buildConfigurations = (
				FB99EF942AB8F9A9009441FD /* Debug */,
				FB99EF952AB8F9A9009441FD /* Release */,
			);
			defaultConfigurationIsVisible = 0;
			defaultConfigurationName = Release;
		};
/* End XCConfigurationList section */
	};
	rootObject = FB99EF7B2AB8F9A7009441FD /* Project object */;
}
